
Microsoft Visual Studio Solution File, Format Version 12.00
# Visual Studio Version 17
VisualStudioVersion = 17.14.36915.13 d17.14
MinimumVisualStudioVersion = 10.0.40219.1
Project("{FAE04EC0-301F-11D3-BF4B-00C04F79EFBC}") = "TRUSIRENT", "TRUSIRENT\TRUSIRENT.csproj", "{36249E4E-A0FA-4B93-9D01-FE6DE827049F}"
EndProject
Global
	GlobalSection(SolutionConfigurationPlatforms) = preSolution
		Debug|Any CPU = Debug|Any CPU
		Release|Any CPU = Release|Any CPU
	EndGlobalSection
	GlobalSection(ProjectConfigurationPlatforms) = postSolution
		{36249E4E-A0FA-4B93-9D01-FE6DE827049F}.Debug|Any CPU.ActiveCfg = Debug|Any CPU
		{36249E4E-A0FA-4B93-9D01-FE6DE827049F}.Debug|Any CPU.Build.0 = Debug|Any CPU
		{36249E4E-A0FA-4B93-9D01-FE6DE827049F}.Release|Any CPU.ActiveCfg = Release|Any CPU
		{36249E4E-A0FA-4B93-9D01-FE6DE827049F}.Release|Any CPU.Build.0 = Release|Any CPU
	EndGlobalSection
	GlobalSection(SolutionProperties) = preSolution
		HideSolutionNode = FALSE
	EndGlobalSection
	GlobalSection(ExtensibilityGlobals) = postSolution
		SolutionGuid = {C7EF6FC4-6289-4355-A484-07DE670B9A22}
	EndGlobalSection
EndGlobal
